{
  "version": 1,
  "dependencies": {
    ".NETFramework,Version=v4.6.1": {
      "Autoupdater.NET.Official": {
        "type": "Direct",
        "requested": "[1.6.4, 1.6.4]",
        "resolved": "1.6.4",
        "contentHash": "XBolz4NgByGCmNT9ivBmA9uvBQxxESo3kCXImCzYQJddxn3oVFCaEuMfI1AiDvBvCFnVZ7c/2WnSmCUx7gI24g=="
      },
      "DotNetProjects.SVGImage": {
        "type": "Direct",
        "requested": "[4.1.92, 4.1.92]",
        "resolved": "4.1.92",
        "contentHash": "2XDBoJvKR4sc115s4OBAUkJct52N4Aap9rSyvM3Zc+ZQT8nb/3WPr7oimhc8HTXNXFvcGM5I7UVvfAdbbXaDoA=="
      },
      "libphonenumber-csharp": {
        "type": "Direct",
        "requested": "[8.12.19, 8.12.19]",
        "resolved": "8.12.19",
        "contentHash": "W7vnoqkY/tXo5nIJSBYgoQ5jJJEJ/QozDa07Bkh5KiYTq53+J7psp1Arj1VmZu+Z+XRDYn8PYLRuNP4L+32AJQ=="
      },
      "Microsoft.IdentityModel.JsonWebTokens": {
        "type": "Direct",
        "requested": "[6.9.0, 6.9.0]",
        "resolved": "6.9.0",
        "contentHash": "T7zUGhBqVJ58EGks+WUwMpqsHltp2SzgG3bvKLgfAcJ2xOEyyPPaxSb5gpkeQjah1fpjEp9KRSqf9LXuZR38XQ=="
      },
      "Microsoft.IdentityModel.Logging": {
        "type": "Direct",
        "requested": "[6.9.0, 6.9.0]",
        "resolved": "6.9.0",
        "contentHash": "AKAD/4RJqICnzs50OOoUm2/mjPVmo4xL7wilvDqvNaeQGdEPJJ6yW7YbmJ+rulm6R/1X64PrO2rwXGXKRF1uHg=="
      },
      "Microsoft.IdentityModel.Tokens": {
        "type": "Direct",
        "requested": "[6.9.0, 6.9.0]",
        "resolved": "6.9.0",
        "contentHash": "orR4LEqrSTCwoK6stozEiOd8mj2H7l8w7/hgdkB0qYLkoaw6DmYncBAWnwQtyDmr4Cn0c4gs/IanoMfkW3NP1Q=="
      },
      "Microsoft.Rest.ClientRuntime": {
        "type": "Direct",
        "requested": "[2.3.2, 2.3.2]",
        "resolved": "2.3.2",
        "contentHash": "qrPBemfdOfD7/LcSa7Hqi01KqLwCZbJ+/GSLN9BnL058/gMU9lvU+Ww19oZbjXh9jr2WzNXPhMJ/YkX9bwQCfw=="
      },
      "mixpanel-csharp": {
        "type": "Direct",
        "requested": "[5.0.0, 5.0.0]",
        "resolved": "5.0.0",
        "contentHash": "Cc23e2Pyd7+L1QQWhkT8kwrzjtPJftzlrf3+HqHznpCs1+PppjVOL2nps5DsIIvjQxWn0LJdQZuIREfLBRfZIg=="
      },
      "Newtonsoft.Json": {
        "type": "Direct",
        "requested": "[12.0.3, 12.0.3]",
        "resolved": "12.0.3",
        "contentHash": "6mgjfnRB4jKMlzHSl+VD+oUc1IebOZabkbyWj2RiTgWwYPPuaK1H97G1sHqGwPlS5npiF5Q0OrxN1wni2n5QWg=="
      },
      "SharpVectors": {
        "type": "Direct",
        "requested": "[1.7.1, 1.7.1]",
        "resolved": "1.7.1",
        "contentHash": "kTiP4pkyW0qPQMxyIYsH7r9wl+cSAmk5ySynhQvc/Ma6bgH9pWWJtM6dvEIoRM4uV2C0QIhWDQeWcTN//0XP9g=="
      },
      "System.Buffers": {
        "type": "Direct",
        "requested": "[4.5.1, 4.5.1]",
        "resolved": "4.5.1",
        "contentHash": "Rw7ijyl1qqRS0YQD/WycNst8hUUMgrMH4FCn1nNm27M4VxchZ1js3fVjQaANHO5f3sN4isvP4a+Met9Y4YomAg=="
      },
      "System.Collections.Immutable": {
        "type": "Direct",
        "requested": "[1.7.1, 1.7.1]",
        "resolved": "1.7.1",
        "contentHash": "B43Zsz5EfMwyEbnObwRxW5u85fzJma3lrDeGcSAV1qkhSRTNY5uXAByTn9h9ddNdhM+4/YoLc/CI43umjwIl9Q=="
      },
      "System.IdentityModel.Tokens.Jwt": {
        "type": "Direct",
        "requested": "[6.9.0, 6.9.0]",
        "resolved": "6.9.0",
        "contentHash": "05mu9HrBwrXbvSeR0pGXkbe2zseJBJ860IbTsuVSZQ3RC89Z3mqtLuoAdwWztAmRGY1Z/uhk277vqgd7cxCtDQ=="
      },
      "System.Memory": {
        "type": "Direct",
        "requested": "[4.5.4, 4.5.4]",
        "resolved": "4.5.4",
        "contentHash": "1MbJTHS1lZ4bS4FmsJjnuGJOu88ZzTT2rLvrhW7Ygic+pC0NWA+3hgAen0HRdsocuQXCkUTdFn9yHJJhsijDXw=="
      },
      "System.Net.Http": {
        "type": "Direct",
        "requested": "[4.3.4, 4.3.4]",
        "resolved": "4.3.4",
        "contentHash": "aOa2d51SEbmM+H+Csw7yJOuNZoHkrP2XnAurye5HWYgGVVU54YZDvsLUYRv6h18X3sPnjNCANmN7ZhIPiqMcjA=="
      },
      "System.Numerics.Vectors": {
        "type": "Direct",
        "requested": "[4.5.0, 4.5.0]",
        "resolved": "4.5.0",
        "contentHash": "QQTlPTl06J/iiDbJCiepZ4H//BVraReU4O4EoRw1U02H5TLUIT7xn3GnDp9AXPSlJUDyFs4uWjWafNX6WrAojQ=="
      },
      "System.Runtime.CompilerServices.Unsafe": {
        "type": "Direct",
        "requested": "[4.5.3, 4.5.3]",
        "resolved": "4.5.3",
        "contentHash": "3TIsJhD1EiiT0w2CcDMN/iSSwnNnsrnbzeVHSKkaEgV85txMprmuO+Yq2AdSbeVGcg28pdNDTPK87tJhX7VFHw=="
      },
      "System.Security.Cryptography.Algorithms": {
        "type": "Direct",
        "requested": "[4.3.0, 4.3.0]",
        "resolved": "4.3.0",
        "contentHash": "W1kd2Y8mYSCgc3ULTAZ0hOP2dSdG5YauTb1089T0/kRcN2MpSAW1izOFROrJgxSlMn3ArsgHXagigyi+ibhevg=="
      },
      "System.Security.Cryptography.Encoding": {
        "type": "Direct",
        "requested": "[4.3.0, 4.3.0]",
        "resolved": "4.3.0",
        "contentHash": "1DEWjZZly9ae9C79vFwqaO5kaOlI5q+3/55ohmq/7dpDyDfc8lYe7YVxJUZ5MF/NtbkRjwFRo14yM4OEo9EmDw=="
      },
      "System.Security.Cryptography.Primitives": {
        "type": "Direct",
        "requested": "[4.3.0, 4.3.0]",
        "resolved": "4.3.0",
        "contentHash": "7bDIyVFNL/xKeFHjhobUAQqSpJq9YTOpbEs6mR233Et01STBMXNAc/V+BM6dwYGc95gVh/Zf+iVXWzj3mE8DWg=="
      },
      "System.Security.Cryptography.ProtectedData": {
        "type": "Direct",
        "requested": "[5.0.0, 5.0.0]",
        "resolved": "5.0.0",
        "contentHash": "HGxMSAFAPLNoxBvSfW08vHde0F9uh7BjASwu6JF9JnXuEPhCY3YUqURn0+bQV/4UWeaqymmrHWV+Aw9riQCtCA=="
      },
      "System.Security.Cryptography.X509Certificates": {
        "type": "Direct",
        "requested": "[4.3.0, 4.3.0]",
        "resolved": "4.3.0",
        "contentHash": "t2Tmu6Y2NtJ2um0RtcuhP7ZdNNxXEgUm2JeoA/0NvlMjAhKCnM1NX07TDl3244mVp3QU6LPEhT3HTtH1uF7IYw=="
      }
    }
  }
}